// !$*UTF8*$!
{
	archiveVersion = 1;
	classes = {
	};
	objectVersion = 56;
	objects = {

/* Begin PBXBuildFile section */
		E510B5062C198CE4007F539F /* lv2.swift in Sources */ = {isa = PBXBuildFile; fileRef = E510B5052C198CE4007F539F /* lv2.swift */; };
		E510B5082C1B18BF007F539F /* lv3.swift in Sources */ = {isa = PBXBuildFile; fileRef = E510B5072C1B18BF007F539F /* lv3.swift */; };
		E52B037B2C1831DA00209EE8 /* lv1.swift in Sources */ = {isa = PBXBuildFile; fileRef = E52B037A2C1831DA00209EE8 /* lv1.swift */; };
		E557351A2C1802A600D6F413 /* main.swift in Sources */ = {isa = PBXBuildFile; fileRef = E55735192C1802A600D6F413 /* main.swift */; };
		E5602F8A2C1B62A400A704DD /* lv4.swift in Sources */ = {isa = PBXBuildFile; fileRef = E5602F892C1B62A400A704DD /* lv4.swift */; };
		E5602F8C2C1B69DC00A704DD /* lv5.swift in Sources */ = {isa = PBXBuildFile; fileRef = E5602F8B2C1B69DC00A704DD /* lv5.swift */; };
		E5602F8E2C1B6EFC00A704DD /* lv6.swift in Sources */ = {isa = PBXBuildFile; fileRef = E5602F8D2C1B6EFC00A704DD /* lv6.swift */; };
/* End PBXBuildFile section */

/* Begin PBXCopyFilesBuildPhase section */
		E55735142C1802A600D6F413 /* CopyFiles */ = {
			isa = PBXCopyFilesBuildPhase;
			buildActionMask = 2147483647;
			dstPath = /usr/share/man/man1/;
			dstSubfolderSpec = 0;
			files = (
			);
			runOnlyForDeploymentPostprocessing = 1;
		};
/* End PBXCopyFilesBuildPhase section */

/* Begin PBXFileReference section */
		E510B5052C198CE4007F539F /* lv2.swift */ = {isa = PBXFileReference; lastKnownFileType = sourcecode.swift; path = lv2.swift; sourceTree = "<group>"; };
		E510B5072C1B18BF007F539F /* lv3.swift */ = {isa = PBXFileReference; lastKnownFileType = sourcecode.swift; path = lv3.swift; sourceTree = "<group>"; };
		E52B037A2C1831DA00209EE8 /* lv1.swift */ = {isa = PBXFileReference; lastKnownFileType = sourcecode.swift; path = lv1.swift; sourceTree = "<group>"; };
		E55735162C1802A600D6F413 /* BaseballGame_lim */ = {isa = PBXFileReference; explicitFileType = "compiled.mach-o.executable"; includeInIndex = 0; path = BaseballGame_lim; sourceTree = BUILT_PRODUCTS_DIR; };
		E55735192C1802A600D6F413 /* main.swift */ = {isa = PBXFileReference; lastKnownFileType = sourcecode.swift; path = main.swift; sourceTree = "<group>"; };
		E5602F892C1B62A400A704DD /* lv4.swift */ = {isa = PBXFileReference; lastKnownFileType = sourcecode.swift; path = lv4.swift; sourceTree = "<group>"; };
		E5602F8B2C1B69DC00A704DD /* lv5.swift */ = {isa = PBXFileReference; lastKnownFileType = sourcecode.swift; path = lv5.swift; sourceTree = "<group>"; };
		E5602F8D2C1B6EFC00A704DD /* lv6.swift */ = {isa = PBXFileReference; lastKnownFileType = sourcecode.swift; path = lv6.swift; sourceTree = "<group>"; };
/* End PBXFileReference section */

/* Begin PBXFrameworksBuildPhase section */
		E55735132C1802A600D6F413 /* Frameworks */ = {
			isa = PBXFrameworksBuildPhase;
			buildActionMask = 2147483647;
			files = (
			);
			runOnlyForDeploymentPostprocessing = 0;
		};
/* End PBXFrameworksBuildPhase section */

/* Begin PBXGroup section */
		E557350D2C1802A600D6F413 = {
			isa = PBXGroup;
			children = (
				E55735182C1802A600D6F413 /* BaseballGame_lim */,
				E55735172C1802A600D6F413 /* Products */,
			);
			sourceTree = "<group>";
		};
		E55735172C1802A600D6F413 /* Products */ = {
			isa = PBXGroup;
			children = (
				E55735162C1802A600D6F413 /* BaseballGame_lim */,
			);
			name = Products;
			sourceTree = "<group>";
		};
		E55735182C1802A600D6F413 /* BaseballGame_lim */ = {
			isa = PBXGroup;
			children = (
				E5602F8F2C1B7B3F00A704DD /* 1...5 */,
				E5602F8D2C1B6EFC00A704DD /* lv6.swift */,
				E55735192C1802A600D6F413 /* main.swift */,
			);
			path = BaseballGame_lim;
			sourceTree = "<group>";
		};
		E5602F8F2C1B7B3F00A704DD /* 1...5 */ = {
			isa = PBXGroup;
			children = (
				E52B037A2C1831DA00209EE8 /* lv1.swift */,
				E510B5052C198CE4007F539F /* lv2.swift */,
				E510B5072C1B18BF007F539F /* lv3.swift */,
				E5602F892C1B62A400A704DD /* lv4.swift */,
				E5602F8B2C1B69DC00A704DD /* lv5.swift */,
			);
			path = 1...5;
			sourceTree = "<group>";
		};
/* End PBXGroup section */

/* Begin PBXNativeTarget section */
		E55735152C1802A600D6F413 /* BaseballGame_lim */ = {
			isa = PBXNativeTarget;
			buildConfigurationList = E557351D2C1802A600D6F413 /* Build configuration list for PBXNativeTarget "BaseballGame_lim" */;
			buildPhases = (
				E55735122C1802A600D6F413 /* Sources */,
				E55735132C1802A600D6F413 /* Frameworks */,
				E55735142C1802A600D6F413 /* CopyFiles */,
			);
			buildRules = (
			);
			dependencies = (
			);
			name = BaseballGame_lim;
			productName = BaseballGame_lim;
			productReference = E55735162C1802A600D6F413 /* BaseballGame_lim */;
			productType = "com.apple.product-type.tool";
		};
/* End PBXNativeTarget section */

/* Begin PBXProject section */
		E557350E2C1802A600D6F413 /* Project object */ = {
			isa = PBXProject;
			attributes = {
				BuildIndependentTargetsInParallel = 1;
				LastSwiftUpdateCheck = 1530;
				LastUpgradeCheck = 1530;
				TargetAttributes = {
					E55735152C1802A600D6F413 = {
						CreatedOnToolsVersion = 15.3;
					};
				};
			};
			buildConfigurationList = E55735112C1802A600D6F413 /* Build configuration list for PBXProject "BaseballGame_lim" */;
			compatibilityVersion = "Xcode 14.0";
			developmentRegion = en;
			hasScannedForEncodings = 0;
			knownRegions = (
				en,
				Base,
			);
			mainGroup = E557350D2C1802A600D6F413;
			productRefGroup = E55735172C1802A600D6F413 /* Products */;
			projectDirPath = "";
			projectRoot = "";
			targets = (
				E55735152C1802A600D6F413 /* BaseballGame_lim */,
			);
		};
/* End PBXProject section */

/* Begin PBXSourcesBuildPhase section */
		E55735122C1802A600D6F413 /* Sources */ = {
			isa = PBXSourcesBuildPhase;
			buildActionMask = 2147483647;
			files = (
				E5602F8A2C1B62A400A704DD /* lv4.swift in Sources */,
				E5602F8C2C1B69DC00A704DD /* lv5.swift in Sources */,
				E557351A2C1802A600D6F413 /* main.swift in Sources */,
				E510B5082C1B18BF007F539F /* lv3.swift in Sources */,
				E510B5062C198CE4007F539F /* lv2.swift in Sources */,
				E5602F8E2C1B6EFC00A704DD /* lv6.swift in Sources */,
				E52B037B2C1831DA00209EE8 /* lv1.swift in Sources */,
			);
			runOnlyForDeploymentPostprocessing = 0;
		};
/* End PBXSourcesBuildPhase section */

/* Begin XCBuildConfiguration section */
		E557351B2C1802A600D6F413 /* Debug */ = {
			isa = XCBuildConfiguration;
			buildSettings = {
				ALWAYS_SEARCH_USER_PATHS = NO;
				ASSETCATALOG_COMPILER_GENERATE_SWIFT_ASSET_SYMBOL_EXTENSIONS = YES;
				CLANG_ANALYZER_NONNULL = YES;
				CLANG_ANALYZER_NUMBER_OBJECT_CONVERSION = YES_AGGRESSIVE;
				CLANG_CXX_LANGUAGE_STANDARD = "gnu++20";
				CLANG_ENABLE_MODULES = YES;
				CLANG_ENABLE_OBJC_ARC = YES;
				CLANG_ENABLE_OBJC_WEAK = YES;
				CLANG_WARN_BLOCK_CAPTURE_AUTORELEASING = YES;
				CLANG_WARN_BOOL_CONVERSION = YES;
				CLANG_WARN_COMMA = YES;
				CLANG_WARN_CONSTANT_CONVERSION = YES;
				CLANG_WARN_DEPRECATED_OBJC_IMPLEMENTATIONS = YES;
				CLANG_WARN_DIRECT_OBJC_ISA_USAGE = YES_ERROR;
				CLANG_WARN_DOCUMENTATION_COMMENTS = YES;
				CLANG_WARN_EMPTY_BODY = YES;
				CLANG_WARN_ENUM_CONVERSION = YES;
				CLANG_WARN_INFINITE_RECURSION = YES;
				CLANG_WARN_INT_CONVERSION = YES;
				CLANG_WARN_NON_LITERAL_NULL_CONVERSION = YES;
				CLANG_WARN_OBJC_IMPLICIT_RETAIN_SELF = YES;
				CLANG_WARN_OBJC_LITERAL_CONVERSION = YES;
				CLANG_WARN_OBJC_ROOT_CLASS = YES_ERROR;
				CLANG_WARN_QUOTED_INCLUDE_IN_FRAMEWORK_HEADER = YES;
				CLANG_WARN_RANGE_LOOP_ANALYSIS = YES;
				CLANG_WARN_STRICT_PROTOTYPES = YES;
				CLANG_WARN_SUSPICIOUS_MOVE = YES;
				CLANG_WARN_UNGUARDED_AVAILABILITY = YES_AGGRESSIVE;
				CLANG_WARN_UNREACHABLE_CODE = YES;
				CLANG_WARN__DUPLICATE_METHOD_MATCH = YES;
				COPY_PHASE_STRIP = NO;
				DEBUG_INFORMATION_FORMAT = dwarf;
				ENABLE_STRICT_OBJC_MSGSEND = YES;
				ENABLE_TESTABILITY = YES;
				ENABLE_USER_SCRIPT_SANDBOXING = YES;
				GCC_C_LANGUAGE_STANDARD = gnu17;
				GCC_DYNAMIC_NO_PIC = NO;
				GCC_NO_COMMON_BLOCKS = YES;
				GCC_OPTIMIZATION_LEVEL = 0;
				GCC_PREPROCESSOR_DEFINITIONS = (
					"DEBUG=1",
					"$(inherited)",
				);
				GCC_WARN_64_TO_32_BIT_CONVERSION = YES;
				GCC_WARN_ABOUT_RETURN_TYPE = YES_ERROR;
				GCC_WARN_UNDECLARED_SELECTOR = YES;
				GCC_WARN_UNINITIALIZED_AUTOS = YES_AGGRESSIVE;
				GCC_WARN_UNUSED_FUNCTION = YES;
				GCC_WARN_UNUSED_VARIABLE = YES;
				LOCALIZATION_PREFERS_STRING_CATALOGS = YES;
				MACOSX_DEPLOYMENT_TARGET = 14.4;
				MTL_ENABLE_DEBUG_INFO = INCLUDE_SOURCE;
				MTL_FAST_MATH = YES;
				ONLY_ACTIVE_ARCH = YES;
				SDKROOT = macosx;
				SWIFT_ACTIVE_COMPILATION_CONDITIONS = "DEBUG $(inherited)";
				SWIFT_OPTIMIZATION_LEVEL = "-Onone";
			};
			name = Debug;
		};
		E557351C2C1802A600D6F413 /* Release */ = {
			isa = XCBuildConfiguration;
			buildSettings = {
				ALWAYS_SEARCH_USER_PATHS = NO;
				ASSETCATALOG_COMPILER_GENERATE_SWIFT_ASSET_SYMBOL_EXTENSIONS = YES;
				CLANG_ANALYZER_NONNULL = YES;
				CLANG_ANALYZER_NUMBER_OBJECT_CONVERSION = YES_AGGRESSIVE;
				CLANG_CXX_LANGUAGE_STANDARD = "gnu++20";
				CLANG_ENABLE_MODULES = YES;
				CLANG_ENABLE_OBJC_ARC = YES;
				CLANG_ENABLE_OBJC_WEAK = YES;
				CLANG_WARN_BLOCK_CAPTURE_AUTORELEASING = YES;
				CLANG_WARN_BOOL_CONVERSION = YES;
				CLANG_WARN_COMMA = YES;
				CLANG_WARN_CONSTANT_CONVERSION = YES;
				CLANG_WARN_DEPRECATED_OBJC_IMPLEMENTATIONS = YES;
				CLANG_WARN_DIRECT_OBJC_ISA_USAGE = YES_ERROR;
				CLANG_WARN_DOCUMENTATION_COMMENTS = YES;
				CLANG_WARN_EMPTY_BODY = YES;
				CLANG_WARN_ENUM_CONVERSION = YES;
				CLANG_WARN_INFINITE_RECURSION = YES;
				CLANG_WARN_INT_CONVERSION = YES;
				CLANG_WARN_NON_LITERAL_NULL_CONVERSION = YES;
				CLANG_WARN_OBJC_IMPLICIT_RETAIN_SELF = YES;
				CLANG_WARN_OBJC_LITERAL_CONVERSION = YES;
				CLANG_WARN_OBJC_ROOT_CLASS = YES_ERROR;
				CLANG_WARN_QUOTED_INCLUDE_IN_FRAMEWORK_HEADER = YES;
				CLANG_WARN_RANGE_LOOP_ANALYSIS = YES;
				CLANG_WARN_STRICT_PROTOTYPES = YES;
				CLANG_WARN_SUSPICIOUS_MOVE = YES;
				CLANG_WARN_UNGUARDED_AVAILABILITY = YES_AGGRESSIVE;
				CLANG_WARN_UNREACHABLE_CODE = YES;
				CLANG_WARN__DUPLICATE_METHOD_MATCH = YES;
				COPY_PHASE_STRIP = NO;
				DEBUG_INFORMATION_FORMAT = "dwarf-with-dsym";
				ENABLE_NS_ASSERTIONS = NO;
				ENABLE_STRICT_OBJC_MSGSEND = YES;
				ENABLE_USER_SCRIPT_SANDBOXING = YES;
				GCC_C_LANGUAGE_STANDARD = gnu17;
				GCC_NO_COMMON_BLOCKS = YES;
				GCC_WARN_64_TO_32_BIT_CONVERSION = YES;
				GCC_WARN_ABOUT_RETURN_TYPE = YES_ERROR;
				GCC_WARN_UNDECLARED_SELECTOR = YES;
				GCC_WARN_UNINITIALIZED_AUTOS = YES_AGGRESSIVE;
				GCC_WARN_UNUSED_FUNCTION = YES;
				GCC_WARN_UNUSED_VARIABLE = YES;
				LOCALIZATION_PREFERS_STRING_CATALOGS = YES;
				MACOSX_DEPLOYMENT_TARGET = 14.4;
				MTL_ENABLE_DEBUG_INFO = NO;
				MTL_FAST_MATH = YES;
				SDKROOT = macosx;
				SWIFT_COMPILATION_MODE = wholemodule;
			};
			name = Release;
		};
		E557351E2C1802A600D6F413 /* Debug */ = {
			isa = XCBuildConfiguration;
			buildSettings = {
				CODE_SIGN_STYLE = Automatic;
				DEVELOPMENT_TEAM = BU22P24JX7;
				ENABLE_HARDENED_RUNTIME = YES;
				PRODUCT_NAME = "$(TARGET_NAME)";
				SWIFT_VERSION = 5.0;
			};
			name = Debug;
		};
		E557351F2C1802A600D6F413 /* Release */ = {
			isa = XCBuildConfiguration;
			buildSettings = {
				CODE_SIGN_STYLE = Automatic;
				DEVELOPMENT_TEAM = BU22P24JX7;
				ENABLE_HARDENED_RUNTIME = YES;
				PRODUCT_NAME = "$(TARGET_NAME)";
				SWIFT_VERSION = 5.0;
			};
			name = Release;
		};
/* End XCBuildConfiguration section */

/* Begin XCConfigurationList section */
		E55735112C1802A600D6F413 /* Build configuration list for PBXProject "BaseballGame_lim" */ = {
			isa = XCConfigurationList;
			buildConfigurations = (
				E557351B2C1802A600D6F413 /* Debug */,
				E557351C2C1802A600D6F413 /* Release */,
			);
			defaultConfigurationIsVisible = 0;
			defaultConfigurationName = Release;
		};
		E557351D2C1802A600D6F413 /* Build configuration list for PBXNativeTarget "BaseballGame_lim" */ = {
			isa = XCConfigurationList;
			buildConfigurations = (
				E557351E2C1802A600D6F413 /* Debug */,
				E557351F2C1802A600D6F413 /* Release */,
			);
			defaultConfigurationIsVisible = 0;
			defaultConfigurationName = Release;
		};
/* End XCConfigurationList section */
	};
	rootObject = E557350E2C1802A600D6F413 /* Project object */;
}
